
Microsoft Visual Studio Solution File, Format Version 12.00
# Visual Studio Version 16
VisualStudioVersion = 25.0.1705.7
MinimumVisualStudioVersion = 10.0.40219.1
Project("{FAE04EC0-301F-11D3-BF4B-00C04F79EFBC}") = "P01", "P01\P01.csproj", "{A225E2EA-4BD3-4F8B-A58B-B00A48DD83A1}"
EndProject
Project("{FAE04EC0-301F-11D3-BF4B-00C04F79EFBC}") = "P02", "P02\P02.csproj", "{1C209CB4-7503-41F7-A85A-4B46509B8749}"
EndProject
Project("{FAE04EC0-301F-11D3-BF4B-00C04F79EFBC}") = "P03", "P03\P03.csproj", "{8F5BFFD3-EEAE-449E-B64F-8675A38EFE6C}"
EndProject
Project("{FAE04EC0-301F-11D3-BF4B-00C04F79EFBC}") = "P04", "P04\P04.csproj", "{8A3861C3-AC75-41E7-89DE-3FEB9A11A05A}"
EndProject
Project("{FAE04EC0-301F-11D3-BF4B-00C04F79EFBC}") = "P06", "P05\P06.csproj", "{C4A107AE-8789-45FD-A8AF-8F01EAA87EB4}"
EndProject
Project("{FAE04EC0-301F-11D3-BF4B-00C04F79EFBC}") = "P05", "P05\P05.csproj", "{9DBA32E2-72EC-4337-B6B7-791BBE29CB57}"
EndProject
Project("{FAE04EC0-301F-11D3-BF4B-00C04F79EFBC}") = "P07", "P07\P07.csproj", "{70A59E41-51D4-4959-983A-6C2298934C6E}"
EndProject
Project("{FAE04EC0-301F-11D3-BF4B-00C04F79EFBC}") = "P08", "P08\P08.csproj", "{B5C972BA-457F-4A42-93AA-20CB79CB1D6A}"
EndProject
Global
	GlobalSection(SolutionConfigurationPlatforms) = preSolution
		Debug|Any CPU = Debug|Any CPU
		Release|Any CPU = Release|Any CPU
	EndGlobalSection
	GlobalSection(ProjectConfigurationPlatforms) = postSolution
		{A225E2EA-4BD3-4F8B-A58B-B00A48DD83A1}.Debug|Any CPU.ActiveCfg = Debug|Any CPU
		{A225E2EA-4BD3-4F8B-A58B-B00A48DD83A1}.Debug|Any CPU.Build.0 = Debug|Any CPU
		{A225E2EA-4BD3-4F8B-A58B-B00A48DD83A1}.Release|Any CPU.ActiveCfg = Release|Any CPU
		{A225E2EA-4BD3-4F8B-A58B-B00A48DD83A1}.Release|Any CPU.Build.0 = Release|Any CPU
		{1C209CB4-7503-41F7-A85A-4B46509B8749}.Debug|Any CPU.ActiveCfg = Debug|Any CPU
		{1C209CB4-7503-41F7-A85A-4B46509B8749}.Debug|Any CPU.Build.0 = Debug|Any CPU
		{1C209CB4-7503-41F7-A85A-4B46509B8749}.Release|Any CPU.ActiveCfg = Release|Any CPU
		{1C209CB4-7503-41F7-A85A-4B46509B8749}.Release|Any CPU.Build.0 = Release|Any CPU
		{8F5BFFD3-EEAE-449E-B64F-8675A38EFE6C}.Debug|Any CPU.ActiveCfg = Debug|Any CPU
		{8F5BFFD3-EEAE-449E-B64F-8675A38EFE6C}.Debug|Any CPU.Build.0 = Debug|Any CPU
		{8F5BFFD3-EEAE-449E-B64F-8675A38EFE6C}.Release|Any CPU.ActiveCfg = Release|Any CPU
		{8F5BFFD3-EEAE-449E-B64F-8675A38EFE6C}.Release|Any CPU.Build.0 = Release|Any CPU
		{8A3861C3-AC75-41E7-89DE-3FEB9A11A05A}.Debug|Any CPU.ActiveCfg = Debug|Any CPU
		{8A3861C3-AC75-41E7-89DE-3FEB9A11A05A}.Debug|Any CPU.Build.0 = Debug|Any CPU
		{8A3861C3-AC75-41E7-89DE-3FEB9A11A05A}.Release|Any CPU.ActiveCfg = Release|Any CPU
		{8A3861C3-AC75-41E7-89DE-3FEB9A11A05A}.Release|Any CPU.Build.0 = Release|Any CPU
		{C4A107AE-8789-45FD-A8AF-8F01EAA87EB4}.Debug|Any CPU.ActiveCfg = Debug|Any CPU
		{C4A107AE-8789-45FD-A8AF-8F01EAA87EB4}.Debug|Any CPU.Build.0 = Debug|Any CPU
		{C4A107AE-8789-45FD-A8AF-8F01EAA87EB4}.Release|Any CPU.ActiveCfg = Release|Any CPU
		{C4A107AE-8789-45FD-A8AF-8F01EAA87EB4}.Release|Any CPU.Build.0 = Release|Any CPU
		{9DBA32E2-72EC-4337-B6B7-791BBE29CB57}.Debug|Any CPU.ActiveCfg = Debug|Any CPU
		{9DBA32E2-72EC-4337-B6B7-791BBE29CB57}.Debug|Any CPU.Build.0 = Debug|Any CPU
		{9DBA32E2-72EC-4337-B6B7-791BBE29CB57}.Release|Any CPU.ActiveCfg = Release|Any CPU
		{9DBA32E2-72EC-4337-B6B7-791BBE29CB57}.Release|Any CPU.Build.0 = Release|Any CPU
		{70A59E41-51D4-4959-983A-6C2298934C6E}.Debug|Any CPU.ActiveCfg = Debug|Any CPU
		{70A59E41-51D4-4959-983A-6C2298934C6E}.Debug|Any CPU.Build.0 = Debug|Any CPU
		{70A59E41-51D4-4959-983A-6C2298934C6E}.Release|Any CPU.ActiveCfg = Release|Any CPU
		{70A59E41-51D4-4959-983A-6C2298934C6E}.Release|Any CPU.Build.0 = Release|Any CPU
		{B5C972BA-457F-4A42-93AA-20CB79CB1D6A}.Debug|Any CPU.ActiveCfg = Debug|Any CPU
		{B5C972BA-457F-4A42-93AA-20CB79CB1D6A}.Debug|Any CPU.Build.0 = Debug|Any CPU
		{B5C972BA-457F-4A42-93AA-20CB79CB1D6A}.Release|Any CPU.ActiveCfg = Release|Any CPU
		{B5C972BA-457F-4A42-93AA-20CB79CB1D6A}.Release|Any CPU.Build.0 = Release|Any CPU
	EndGlobalSection
	GlobalSection(SolutionProperties) = preSolution
		HideSolutionNode = FALSE
	EndGlobalSection
	GlobalSection(ExtensibilityGlobals) = postSolution
		SolutionGuid = {9CCF5CCE-E915-4B3D-8009-5E3AF499FC05}
	EndGlobalSection
EndGlobal
