
Microsoft Visual Studio Solution File, Format Version 12.00
# Visual Studio Version 16
VisualStudioVersion = 25.0.1705.7
MinimumVisualStudioVersion = 10.0.40219.1
Project("{FAE04EC0-301F-11D3-BF4B-00C04F79EFBC}") = "P01", "P01\P01.csproj", "{00129464-3527-4AD6-8C4C-941E0B88FDF4}"
EndProject
Project("{FAE04EC0-301F-11D3-BF4B-00C04F79EFBC}") = "P02", "P02\P02.csproj", "{A3A8787D-3267-4766-9549-27D7CF391F8F}"
EndProject
Project("{FAE04EC0-301F-11D3-BF4B-00C04F79EFBC}") = "P03", "P3\P03.csproj", "{E4DAB75D-3687-43C7-88E6-67D501BD46B6}"
EndProject
Project("{FAE04EC0-301F-11D3-BF4B-00C04F79EFBC}") = "P04", "P04\P04.csproj", "{8DB2AA87-411C-4743-8987-ABF00E3E5164}"
EndProject
Project("{FAE04EC0-301F-11D3-BF4B-00C04F79EFBC}") = "P05", "P05\P05.csproj", "{506902D6-6D7B-4C62-B053-BEC12927C991}"
EndProject
Project("{FAE04EC0-301F-11D3-BF4B-00C04F79EFBC}") = "P06", "P06\P06.csproj", "{0E0113BA-1A7D-4E42-8B3B-91CE2B4B6B08}"
EndProject
Project("{FAE04EC0-301F-11D3-BF4B-00C04F79EFBC}") = "P07", "P07\P07.csproj", "{C2079105-E202-4179-BB6E-B0C2FCC0835D}"
EndProject
Project("{FAE04EC0-301F-11D3-BF4B-00C04F79EFBC}") = "P11", "P11\P11.csproj", "{62856BF9-9DF1-4DE0-8502-7D8950233604}"
EndProject
Project("{FAE04EC0-301F-11D3-BF4B-00C04F79EFBC}") = "P08", "P08\P08.csproj", "{846EEA37-697A-4D6F-8687-37BD890E44AF}"
EndProject
Project("{FAE04EC0-301F-11D3-BF4B-00C04F79EFBC}") = "P09", "P09\P09.csproj", "{66C67041-625E-4B16-B1BC-AF7B397DCE18}"
EndProject
Project("{FAE04EC0-301F-11D3-BF4B-00C04F79EFBC}") = "P10", "P10\P10.csproj", "{26662EFB-C208-4EBB-AB59-3344BC8AFFF8}"
EndProject
Global
	GlobalSection(SolutionConfigurationPlatforms) = preSolution
		Debug|Any CPU = Debug|Any CPU
		Release|Any CPU = Release|Any CPU
	EndGlobalSection
	GlobalSection(ProjectConfigurationPlatforms) = postSolution
		{00129464-3527-4AD6-8C4C-941E0B88FDF4}.Debug|Any CPU.ActiveCfg = Debug|Any CPU
		{00129464-3527-4AD6-8C4C-941E0B88FDF4}.Debug|Any CPU.Build.0 = Debug|Any CPU
		{00129464-3527-4AD6-8C4C-941E0B88FDF4}.Release|Any CPU.ActiveCfg = Release|Any CPU
		{00129464-3527-4AD6-8C4C-941E0B88FDF4}.Release|Any CPU.Build.0 = Release|Any CPU
		{A3A8787D-3267-4766-9549-27D7CF391F8F}.Debug|Any CPU.ActiveCfg = Debug|Any CPU
		{A3A8787D-3267-4766-9549-27D7CF391F8F}.Debug|Any CPU.Build.0 = Debug|Any CPU
		{A3A8787D-3267-4766-9549-27D7CF391F8F}.Release|Any CPU.ActiveCfg = Release|Any CPU
		{A3A8787D-3267-4766-9549-27D7CF391F8F}.Release|Any CPU.Build.0 = Release|Any CPU
		{E4DAB75D-3687-43C7-88E6-67D501BD46B6}.Debug|Any CPU.ActiveCfg = Debug|Any CPU
		{E4DAB75D-3687-43C7-88E6-67D501BD46B6}.Debug|Any CPU.Build.0 = Debug|Any CPU
		{E4DAB75D-3687-43C7-88E6-67D501BD46B6}.Release|Any CPU.ActiveCfg = Release|Any CPU
		{E4DAB75D-3687-43C7-88E6-67D501BD46B6}.Release|Any CPU.Build.0 = Release|Any CPU
		{8DB2AA87-411C-4743-8987-ABF00E3E5164}.Debug|Any CPU.ActiveCfg = Debug|Any CPU
		{8DB2AA87-411C-4743-8987-ABF00E3E5164}.Debug|Any CPU.Build.0 = Debug|Any CPU
		{8DB2AA87-411C-4743-8987-ABF00E3E5164}.Release|Any CPU.ActiveCfg = Release|Any CPU
		{8DB2AA87-411C-4743-8987-ABF00E3E5164}.Release|Any CPU.Build.0 = Release|Any CPU
		{506902D6-6D7B-4C62-B053-BEC12927C991}.Debug|Any CPU.ActiveCfg = Debug|Any CPU
		{506902D6-6D7B-4C62-B053-BEC12927C991}.Debug|Any CPU.Build.0 = Debug|Any CPU
		{506902D6-6D7B-4C62-B053-BEC12927C991}.Release|Any CPU.ActiveCfg = Release|Any CPU
		{506902D6-6D7B-4C62-B053-BEC12927C991}.Release|Any CPU.Build.0 = Release|Any CPU
		{0E0113BA-1A7D-4E42-8B3B-91CE2B4B6B08}.Debug|Any CPU.ActiveCfg = Debug|Any CPU
		{0E0113BA-1A7D-4E42-8B3B-91CE2B4B6B08}.Debug|Any CPU.Build.0 = Debug|Any CPU
		{0E0113BA-1A7D-4E42-8B3B-91CE2B4B6B08}.Release|Any CPU.ActiveCfg = Release|Any CPU
		{0E0113BA-1A7D-4E42-8B3B-91CE2B4B6B08}.Release|Any CPU.Build.0 = Release|Any CPU
		{C2079105-E202-4179-BB6E-B0C2FCC0835D}.Debug|Any CPU.ActiveCfg = Debug|Any CPU
		{C2079105-E202-4179-BB6E-B0C2FCC0835D}.Debug|Any CPU.Build.0 = Debug|Any CPU
		{C2079105-E202-4179-BB6E-B0C2FCC0835D}.Release|Any CPU.ActiveCfg = Release|Any CPU
		{C2079105-E202-4179-BB6E-B0C2FCC0835D}.Release|Any CPU.Build.0 = Release|Any CPU
		{62856BF9-9DF1-4DE0-8502-7D8950233604}.Debug|Any CPU.ActiveCfg = Debug|Any CPU
		{62856BF9-9DF1-4DE0-8502-7D8950233604}.Debug|Any CPU.Build.0 = Debug|Any CPU
		{62856BF9-9DF1-4DE0-8502-7D8950233604}.Release|Any CPU.ActiveCfg = Release|Any CPU
		{62856BF9-9DF1-4DE0-8502-7D8950233604}.Release|Any CPU.Build.0 = Release|Any CPU
		{846EEA37-697A-4D6F-8687-37BD890E44AF}.Debug|Any CPU.ActiveCfg = Debug|Any CPU
		{846EEA37-697A-4D6F-8687-37BD890E44AF}.Debug|Any CPU.Build.0 = Debug|Any CPU
		{846EEA37-697A-4D6F-8687-37BD890E44AF}.Release|Any CPU.ActiveCfg = Release|Any CPU
		{846EEA37-697A-4D6F-8687-37BD890E44AF}.Release|Any CPU.Build.0 = Release|Any CPU
		{66C67041-625E-4B16-B1BC-AF7B397DCE18}.Debug|Any CPU.ActiveCfg = Debug|Any CPU
		{66C67041-625E-4B16-B1BC-AF7B397DCE18}.Debug|Any CPU.Build.0 = Debug|Any CPU
		{66C67041-625E-4B16-B1BC-AF7B397DCE18}.Release|Any CPU.ActiveCfg = Release|Any CPU
		{66C67041-625E-4B16-B1BC-AF7B397DCE18}.Release|Any CPU.Build.0 = Release|Any CPU
		{26662EFB-C208-4EBB-AB59-3344BC8AFFF8}.Debug|Any CPU.ActiveCfg = Debug|Any CPU
		{26662EFB-C208-4EBB-AB59-3344BC8AFFF8}.Debug|Any CPU.Build.0 = Debug|Any CPU
		{26662EFB-C208-4EBB-AB59-3344BC8AFFF8}.Release|Any CPU.ActiveCfg = Release|Any CPU
		{26662EFB-C208-4EBB-AB59-3344BC8AFFF8}.Release|Any CPU.Build.0 = Release|Any CPU
	EndGlobalSection
	GlobalSection(SolutionProperties) = preSolution
		HideSolutionNode = FALSE
	EndGlobalSection
	GlobalSection(ExtensibilityGlobals) = postSolution
		SolutionGuid = {5F090B3E-4E1F-42B6-A572-40C4309D8328}
	EndGlobalSection
EndGlobal
