
Microsoft Visual Studio Solution File, Format Version 12.00
# Visual Studio Version 16
VisualStudioVersion = 25.0.1705.7
MinimumVisualStudioVersion = 10.0.40219.1
Project("{FAE04EC0-301F-11D3-BF4B-00C04F79EFBC}") = "P01", "P01\P01.csproj", "{7C756992-3A2E-45FF-8B7D-D1000BDC23DC}"
EndProject
Project("{FAE04EC0-301F-11D3-BF4B-00C04F79EFBC}") = "P02", "P02\P02.csproj", "{80482E88-E601-47CB-BB11-FAF2DC79E646}"
EndProject
Project("{FAE04EC0-301F-11D3-BF4B-00C04F79EFBC}") = "P03", "P03\P03.csproj", "{AC59D409-54C7-4383-B53E-B1E73D5766CE}"
EndProject
Project("{FAE04EC0-301F-11D3-BF4B-00C04F79EFBC}") = "P04", "P04\P04.csproj", "{E4A6032D-553D-4BA7-8FBB-CBB88E2D0357}"
EndProject
Project("{FAE04EC0-301F-11D3-BF4B-00C04F79EFBC}") = "P05", "P05\P05.csproj", "{E21FA975-35AD-4919-A9E1-1F61D6CD5BD5}"
EndProject
Project("{FAE04EC0-301F-11D3-BF4B-00C04F79EFBC}") = "P06", "P06\P06.csproj", "{CE672140-DD27-454C-A517-5BFAB2C5402D}"
EndProject
Project("{FAE04EC0-301F-11D3-BF4B-00C04F79EFBC}") = "P08", "P08\P08.csproj", "{451562DE-8C92-4D8E-A094-6E680D1F09E2}"
EndProject
Project("{FAE04EC0-301F-11D3-BF4B-00C04F79EFBC}") = "P07", "P07\P07.csproj", "{BEA2FCC6-A981-4C7E-9736-AC8EDDB17895}"
EndProject
Project("{FAE04EC0-301F-11D3-BF4B-00C04F79EFBC}") = "P10", "P10\P10.csproj", "{7D396A11-1647-4E52-AF12-363C1E23C156}"
EndProject
Project("{FAE04EC0-301F-11D3-BF4B-00C04F79EFBC}") = "P09", "P09\P09.csproj", "{B06558F4-3E47-45F7-B2A9-C2EEA1DE4FF7}"
EndProject
Project("{FAE04EC0-301F-11D3-BF4B-00C04F79EFBC}") = "P11", "P11\P11.csproj", "{4599B240-912D-4827-98FB-DB3CFFD70E27}"
EndProject
Global
	GlobalSection(SolutionConfigurationPlatforms) = preSolution
		Debug|Any CPU = Debug|Any CPU
		Release|Any CPU = Release|Any CPU
	EndGlobalSection
	GlobalSection(ProjectConfigurationPlatforms) = postSolution
		{7C756992-3A2E-45FF-8B7D-D1000BDC23DC}.Debug|Any CPU.ActiveCfg = Debug|Any CPU
		{7C756992-3A2E-45FF-8B7D-D1000BDC23DC}.Debug|Any CPU.Build.0 = Debug|Any CPU
		{7C756992-3A2E-45FF-8B7D-D1000BDC23DC}.Release|Any CPU.ActiveCfg = Release|Any CPU
		{7C756992-3A2E-45FF-8B7D-D1000BDC23DC}.Release|Any CPU.Build.0 = Release|Any CPU
		{80482E88-E601-47CB-BB11-FAF2DC79E646}.Debug|Any CPU.ActiveCfg = Debug|Any CPU
		{80482E88-E601-47CB-BB11-FAF2DC79E646}.Debug|Any CPU.Build.0 = Debug|Any CPU
		{80482E88-E601-47CB-BB11-FAF2DC79E646}.Release|Any CPU.ActiveCfg = Release|Any CPU
		{80482E88-E601-47CB-BB11-FAF2DC79E646}.Release|Any CPU.Build.0 = Release|Any CPU
		{AC59D409-54C7-4383-B53E-B1E73D5766CE}.Debug|Any CPU.ActiveCfg = Debug|Any CPU
		{AC59D409-54C7-4383-B53E-B1E73D5766CE}.Debug|Any CPU.Build.0 = Debug|Any CPU
		{AC59D409-54C7-4383-B53E-B1E73D5766CE}.Release|Any CPU.ActiveCfg = Release|Any CPU
		{AC59D409-54C7-4383-B53E-B1E73D5766CE}.Release|Any CPU.Build.0 = Release|Any CPU
		{E4A6032D-553D-4BA7-8FBB-CBB88E2D0357}.Debug|Any CPU.ActiveCfg = Debug|Any CPU
		{E4A6032D-553D-4BA7-8FBB-CBB88E2D0357}.Debug|Any CPU.Build.0 = Debug|Any CPU
		{E4A6032D-553D-4BA7-8FBB-CBB88E2D0357}.Release|Any CPU.ActiveCfg = Release|Any CPU
		{E4A6032D-553D-4BA7-8FBB-CBB88E2D0357}.Release|Any CPU.Build.0 = Release|Any CPU
		{E21FA975-35AD-4919-A9E1-1F61D6CD5BD5}.Debug|Any CPU.ActiveCfg = Debug|Any CPU
		{E21FA975-35AD-4919-A9E1-1F61D6CD5BD5}.Debug|Any CPU.Build.0 = Debug|Any CPU
		{E21FA975-35AD-4919-A9E1-1F61D6CD5BD5}.Release|Any CPU.ActiveCfg = Release|Any CPU
		{E21FA975-35AD-4919-A9E1-1F61D6CD5BD5}.Release|Any CPU.Build.0 = Release|Any CPU
		{CE672140-DD27-454C-A517-5BFAB2C5402D}.Debug|Any CPU.ActiveCfg = Debug|Any CPU
		{CE672140-DD27-454C-A517-5BFAB2C5402D}.Debug|Any CPU.Build.0 = Debug|Any CPU
		{CE672140-DD27-454C-A517-5BFAB2C5402D}.Release|Any CPU.ActiveCfg = Release|Any CPU
		{CE672140-DD27-454C-A517-5BFAB2C5402D}.Release|Any CPU.Build.0 = Release|Any CPU
		{451562DE-8C92-4D8E-A094-6E680D1F09E2}.Debug|Any CPU.ActiveCfg = Debug|Any CPU
		{451562DE-8C92-4D8E-A094-6E680D1F09E2}.Debug|Any CPU.Build.0 = Debug|Any CPU
		{451562DE-8C92-4D8E-A094-6E680D1F09E2}.Release|Any CPU.ActiveCfg = Release|Any CPU
		{451562DE-8C92-4D8E-A094-6E680D1F09E2}.Release|Any CPU.Build.0 = Release|Any CPU
		{BEA2FCC6-A981-4C7E-9736-AC8EDDB17895}.Debug|Any CPU.ActiveCfg = Debug|Any CPU
		{BEA2FCC6-A981-4C7E-9736-AC8EDDB17895}.Debug|Any CPU.Build.0 = Debug|Any CPU
		{BEA2FCC6-A981-4C7E-9736-AC8EDDB17895}.Release|Any CPU.ActiveCfg = Release|Any CPU
		{BEA2FCC6-A981-4C7E-9736-AC8EDDB17895}.Release|Any CPU.Build.0 = Release|Any CPU
		{7D396A11-1647-4E52-AF12-363C1E23C156}.Debug|Any CPU.ActiveCfg = Debug|Any CPU
		{7D396A11-1647-4E52-AF12-363C1E23C156}.Debug|Any CPU.Build.0 = Debug|Any CPU
		{7D396A11-1647-4E52-AF12-363C1E23C156}.Release|Any CPU.ActiveCfg = Release|Any CPU
		{7D396A11-1647-4E52-AF12-363C1E23C156}.Release|Any CPU.Build.0 = Release|Any CPU
		{B06558F4-3E47-45F7-B2A9-C2EEA1DE4FF7}.Debug|Any CPU.ActiveCfg = Debug|Any CPU
		{B06558F4-3E47-45F7-B2A9-C2EEA1DE4FF7}.Debug|Any CPU.Build.0 = Debug|Any CPU
		{B06558F4-3E47-45F7-B2A9-C2EEA1DE4FF7}.Release|Any CPU.ActiveCfg = Release|Any CPU
		{B06558F4-3E47-45F7-B2A9-C2EEA1DE4FF7}.Release|Any CPU.Build.0 = Release|Any CPU
		{4599B240-912D-4827-98FB-DB3CFFD70E27}.Debug|Any CPU.ActiveCfg = Debug|Any CPU
		{4599B240-912D-4827-98FB-DB3CFFD70E27}.Debug|Any CPU.Build.0 = Debug|Any CPU
		{4599B240-912D-4827-98FB-DB3CFFD70E27}.Release|Any CPU.ActiveCfg = Release|Any CPU
		{4599B240-912D-4827-98FB-DB3CFFD70E27}.Release|Any CPU.Build.0 = Release|Any CPU
	EndGlobalSection
	GlobalSection(SolutionProperties) = preSolution
		HideSolutionNode = FALSE
	EndGlobalSection
	GlobalSection(ExtensibilityGlobals) = postSolution
		SolutionGuid = {FE411631-A806-42B6-862C-7DE5E5C40151}
	EndGlobalSection
EndGlobal
