
Microsoft Visual Studio Solution File, Format Version 12.00
# Visual Studio Version 16
VisualStudioVersion = 25.0.1705.7
MinimumVisualStudioVersion = 10.0.40219.1
Project("{FAE04EC0-301F-11D3-BF4B-00C04F79EFBC}") = "P01", "P01\P01.csproj", "{9020712A-20EA-45A0-AD4B-B34821C04DB2}"
EndProject
Project("{FAE04EC0-301F-11D3-BF4B-00C04F79EFBC}") = "P02", "P02\P02.csproj", "{BDB4F805-81AD-4088-BEAE-4F90C2F97A06}"
EndProject
Project("{FAE04EC0-301F-11D3-BF4B-00C04F79EFBC}") = "P03", "P03\P03.csproj", "{ADC927CC-38EB-4012-A007-A06519384C6B}"
EndProject
Project("{FAE04EC0-301F-11D3-BF4B-00C04F79EFBC}") = "P06", "P06\P06.csproj", "{7734E696-3F51-459B-9E38-A543A008AE98}"
EndProject
Project("{FAE04EC0-301F-11D3-BF4B-00C04F79EFBC}") = "P05", "P05\P05.csproj", "{966A315A-7779-4152-BF2D-334F640E86F2}"
EndProject
Project("{FAE04EC0-301F-11D3-BF4B-00C04F79EFBC}") = "P04", "P04\P04.csproj", "{AB7EB3ED-A56B-4FD9-B760-4A9E6263ECBA}"
EndProject
Global
	GlobalSection(SolutionConfigurationPlatforms) = preSolution
		Debug|Any CPU = Debug|Any CPU
		Release|Any CPU = Release|Any CPU
	EndGlobalSection
	GlobalSection(ProjectConfigurationPlatforms) = postSolution
		{9020712A-20EA-45A0-AD4B-B34821C04DB2}.Debug|Any CPU.ActiveCfg = Debug|Any CPU
		{9020712A-20EA-45A0-AD4B-B34821C04DB2}.Debug|Any CPU.Build.0 = Debug|Any CPU
		{9020712A-20EA-45A0-AD4B-B34821C04DB2}.Release|Any CPU.ActiveCfg = Release|Any CPU
		{9020712A-20EA-45A0-AD4B-B34821C04DB2}.Release|Any CPU.Build.0 = Release|Any CPU
		{BDB4F805-81AD-4088-BEAE-4F90C2F97A06}.Debug|Any CPU.ActiveCfg = Debug|Any CPU
		{BDB4F805-81AD-4088-BEAE-4F90C2F97A06}.Debug|Any CPU.Build.0 = Debug|Any CPU
		{BDB4F805-81AD-4088-BEAE-4F90C2F97A06}.Release|Any CPU.ActiveCfg = Release|Any CPU
		{BDB4F805-81AD-4088-BEAE-4F90C2F97A06}.Release|Any CPU.Build.0 = Release|Any CPU
		{ADC927CC-38EB-4012-A007-A06519384C6B}.Debug|Any CPU.ActiveCfg = Debug|Any CPU
		{ADC927CC-38EB-4012-A007-A06519384C6B}.Debug|Any CPU.Build.0 = Debug|Any CPU
		{ADC927CC-38EB-4012-A007-A06519384C6B}.Release|Any CPU.ActiveCfg = Release|Any CPU
		{ADC927CC-38EB-4012-A007-A06519384C6B}.Release|Any CPU.Build.0 = Release|Any CPU
		{7734E696-3F51-459B-9E38-A543A008AE98}.Debug|Any CPU.ActiveCfg = Debug|Any CPU
		{7734E696-3F51-459B-9E38-A543A008AE98}.Debug|Any CPU.Build.0 = Debug|Any CPU
		{7734E696-3F51-459B-9E38-A543A008AE98}.Release|Any CPU.ActiveCfg = Release|Any CPU
		{7734E696-3F51-459B-9E38-A543A008AE98}.Release|Any CPU.Build.0 = Release|Any CPU
		{966A315A-7779-4152-BF2D-334F640E86F2}.Debug|Any CPU.ActiveCfg = Debug|Any CPU
		{966A315A-7779-4152-BF2D-334F640E86F2}.Debug|Any CPU.Build.0 = Debug|Any CPU
		{966A315A-7779-4152-BF2D-334F640E86F2}.Release|Any CPU.ActiveCfg = Release|Any CPU
		{966A315A-7779-4152-BF2D-334F640E86F2}.Release|Any CPU.Build.0 = Release|Any CPU
		{AB7EB3ED-A56B-4FD9-B760-4A9E6263ECBA}.Debug|Any CPU.ActiveCfg = Debug|Any CPU
		{AB7EB3ED-A56B-4FD9-B760-4A9E6263ECBA}.Debug|Any CPU.Build.0 = Debug|Any CPU
		{AB7EB3ED-A56B-4FD9-B760-4A9E6263ECBA}.Release|Any CPU.ActiveCfg = Release|Any CPU
		{AB7EB3ED-A56B-4FD9-B760-4A9E6263ECBA}.Release|Any CPU.Build.0 = Release|Any CPU
	EndGlobalSection
	GlobalSection(SolutionProperties) = preSolution
		HideSolutionNode = FALSE
	EndGlobalSection
	GlobalSection(ExtensibilityGlobals) = postSolution
		SolutionGuid = {0A17F033-C5AC-41D3-B6C4-C6FD613FEE64}
	EndGlobalSection
EndGlobal
