
Microsoft Visual Studio Solution File, Format Version 12.00
# Visual Studio Version 16
VisualStudioVersion = 25.0.1705.7
MinimumVisualStudioVersion = 10.0.40219.1
Project("{FAE04EC0-301F-11D3-BF4B-00C04F79EFBC}") = "P01", "P01\P01.csproj", "{7E1A83B7-AB82-401A-8CC2-B4FE1818A8CE}"
EndProject
Project("{FAE04EC0-301F-11D3-BF4B-00C04F79EFBC}") = "P02", "P02\P02.csproj", "{65CD4F07-DD66-4DD2-927F-EBCFB1BE1F54}"
EndProject
Project("{FAE04EC0-301F-11D3-BF4B-00C04F79EFBC}") = "P03", "P03\P03.csproj", "{93F5B6EC-6476-4102-BB10-2E82794617BD}"
EndProject
Project("{FAE04EC0-301F-11D3-BF4B-00C04F79EFBC}") = "P04", "P04\P04.csproj", "{B3C57777-0C91-4EC9-897B-79B2E60CE5A1}"
EndProject
Project("{FAE04EC0-301F-11D3-BF4B-00C04F79EFBC}") = "P05", "P05\P05.csproj", "{E52B72A3-FCB6-439F-A344-477AA487216E}"
EndProject
Project("{FAE04EC0-301F-11D3-BF4B-00C04F79EFBC}") = "P06", "P06\P06.csproj", "{5E3572E3-7F4F-4091-BFCE-A050454593EC}"
EndProject
Project("{FAE04EC0-301F-11D3-BF4B-00C04F79EFBC}") = "P07", "P07\P07.csproj", "{374CF45C-075D-4C63-BC4E-E249749BD5E0}"
EndProject
Project("{FAE04EC0-301F-11D3-BF4B-00C04F79EFBC}") = "P08", "P08\P08.csproj", "{A9243CFB-7ABB-4C08-BD58-E17682D03780}"
EndProject
Project("{FAE04EC0-301F-11D3-BF4B-00C04F79EFBC}") = "P09", "P09\P09.csproj", "{628A0DC0-BE8E-4BB0-BA61-6C3220C6253B}"
EndProject
Project("{FAE04EC0-301F-11D3-BF4B-00C04F79EFBC}") = "P10", "P10\P10.csproj", "{F68FDED8-A79B-46AE-A4CD-302B6F59F5A1}"
EndProject
Project("{FAE04EC0-301F-11D3-BF4B-00C04F79EFBC}") = "P11", "P11\P11.csproj", "{6B6C74BF-E63C-498C-B9CD-68F6DA1990B1}"
EndProject
Global
	GlobalSection(SolutionConfigurationPlatforms) = preSolution
		Debug|Any CPU = Debug|Any CPU
		Release|Any CPU = Release|Any CPU
	EndGlobalSection
	GlobalSection(ProjectConfigurationPlatforms) = postSolution
		{7E1A83B7-AB82-401A-8CC2-B4FE1818A8CE}.Debug|Any CPU.ActiveCfg = Debug|Any CPU
		{7E1A83B7-AB82-401A-8CC2-B4FE1818A8CE}.Debug|Any CPU.Build.0 = Debug|Any CPU
		{7E1A83B7-AB82-401A-8CC2-B4FE1818A8CE}.Release|Any CPU.ActiveCfg = Release|Any CPU
		{7E1A83B7-AB82-401A-8CC2-B4FE1818A8CE}.Release|Any CPU.Build.0 = Release|Any CPU
		{65CD4F07-DD66-4DD2-927F-EBCFB1BE1F54}.Debug|Any CPU.ActiveCfg = Debug|Any CPU
		{65CD4F07-DD66-4DD2-927F-EBCFB1BE1F54}.Debug|Any CPU.Build.0 = Debug|Any CPU
		{65CD4F07-DD66-4DD2-927F-EBCFB1BE1F54}.Release|Any CPU.ActiveCfg = Release|Any CPU
		{65CD4F07-DD66-4DD2-927F-EBCFB1BE1F54}.Release|Any CPU.Build.0 = Release|Any CPU
		{93F5B6EC-6476-4102-BB10-2E82794617BD}.Debug|Any CPU.ActiveCfg = Debug|Any CPU
		{93F5B6EC-6476-4102-BB10-2E82794617BD}.Debug|Any CPU.Build.0 = Debug|Any CPU
		{93F5B6EC-6476-4102-BB10-2E82794617BD}.Release|Any CPU.ActiveCfg = Release|Any CPU
		{93F5B6EC-6476-4102-BB10-2E82794617BD}.Release|Any CPU.Build.0 = Release|Any CPU
		{B3C57777-0C91-4EC9-897B-79B2E60CE5A1}.Debug|Any CPU.ActiveCfg = Debug|Any CPU
		{B3C57777-0C91-4EC9-897B-79B2E60CE5A1}.Debug|Any CPU.Build.0 = Debug|Any CPU
		{B3C57777-0C91-4EC9-897B-79B2E60CE5A1}.Release|Any CPU.ActiveCfg = Release|Any CPU
		{B3C57777-0C91-4EC9-897B-79B2E60CE5A1}.Release|Any CPU.Build.0 = Release|Any CPU
		{E52B72A3-FCB6-439F-A344-477AA487216E}.Debug|Any CPU.ActiveCfg = Debug|Any CPU
		{E52B72A3-FCB6-439F-A344-477AA487216E}.Debug|Any CPU.Build.0 = Debug|Any CPU
		{E52B72A3-FCB6-439F-A344-477AA487216E}.Release|Any CPU.ActiveCfg = Release|Any CPU
		{E52B72A3-FCB6-439F-A344-477AA487216E}.Release|Any CPU.Build.0 = Release|Any CPU
		{5E3572E3-7F4F-4091-BFCE-A050454593EC}.Debug|Any CPU.ActiveCfg = Debug|Any CPU
		{5E3572E3-7F4F-4091-BFCE-A050454593EC}.Debug|Any CPU.Build.0 = Debug|Any CPU
		{5E3572E3-7F4F-4091-BFCE-A050454593EC}.Release|Any CPU.ActiveCfg = Release|Any CPU
		{5E3572E3-7F4F-4091-BFCE-A050454593EC}.Release|Any CPU.Build.0 = Release|Any CPU
		{374CF45C-075D-4C63-BC4E-E249749BD5E0}.Debug|Any CPU.ActiveCfg = Debug|Any CPU
		{374CF45C-075D-4C63-BC4E-E249749BD5E0}.Debug|Any CPU.Build.0 = Debug|Any CPU
		{374CF45C-075D-4C63-BC4E-E249749BD5E0}.Release|Any CPU.ActiveCfg = Release|Any CPU
		{374CF45C-075D-4C63-BC4E-E249749BD5E0}.Release|Any CPU.Build.0 = Release|Any CPU
		{A9243CFB-7ABB-4C08-BD58-E17682D03780}.Debug|Any CPU.ActiveCfg = Debug|Any CPU
		{A9243CFB-7ABB-4C08-BD58-E17682D03780}.Debug|Any CPU.Build.0 = Debug|Any CPU
		{A9243CFB-7ABB-4C08-BD58-E17682D03780}.Release|Any CPU.ActiveCfg = Release|Any CPU
		{A9243CFB-7ABB-4C08-BD58-E17682D03780}.Release|Any CPU.Build.0 = Release|Any CPU
		{628A0DC0-BE8E-4BB0-BA61-6C3220C6253B}.Debug|Any CPU.ActiveCfg = Debug|Any CPU
		{628A0DC0-BE8E-4BB0-BA61-6C3220C6253B}.Debug|Any CPU.Build.0 = Debug|Any CPU
		{628A0DC0-BE8E-4BB0-BA61-6C3220C6253B}.Release|Any CPU.ActiveCfg = Release|Any CPU
		{628A0DC0-BE8E-4BB0-BA61-6C3220C6253B}.Release|Any CPU.Build.0 = Release|Any CPU
		{F68FDED8-A79B-46AE-A4CD-302B6F59F5A1}.Debug|Any CPU.ActiveCfg = Debug|Any CPU
		{F68FDED8-A79B-46AE-A4CD-302B6F59F5A1}.Debug|Any CPU.Build.0 = Debug|Any CPU
		{F68FDED8-A79B-46AE-A4CD-302B6F59F5A1}.Release|Any CPU.ActiveCfg = Release|Any CPU
		{F68FDED8-A79B-46AE-A4CD-302B6F59F5A1}.Release|Any CPU.Build.0 = Release|Any CPU
		{6B6C74BF-E63C-498C-B9CD-68F6DA1990B1}.Debug|Any CPU.ActiveCfg = Debug|Any CPU
		{6B6C74BF-E63C-498C-B9CD-68F6DA1990B1}.Debug|Any CPU.Build.0 = Debug|Any CPU
		{6B6C74BF-E63C-498C-B9CD-68F6DA1990B1}.Release|Any CPU.ActiveCfg = Release|Any CPU
		{6B6C74BF-E63C-498C-B9CD-68F6DA1990B1}.Release|Any CPU.Build.0 = Release|Any CPU
	EndGlobalSection
	GlobalSection(SolutionProperties) = preSolution
		HideSolutionNode = FALSE
	EndGlobalSection
	GlobalSection(ExtensibilityGlobals) = postSolution
		SolutionGuid = {834C70B3-9EE2-46F4-BD01-5586684E5BB4}
	EndGlobalSection
EndGlobal
