
Microsoft Visual Studio Solution File, Format Version 12.00
# Visual Studio Version 16
VisualStudioVersion = 25.0.1706.6
MinimumVisualStudioVersion = 10.0.40219.1
Project("{FAE04EC0-301F-11D3-BF4B-00C04F79EFBC}") = "P01", "P01\P01.csproj", "{D026A8E4-CF9B-4411-AE73-46CD3A9EF96C}"
EndProject
Project("{FAE04EC0-301F-11D3-BF4B-00C04F79EFBC}") = "P02", "P02\P02.csproj", "{BC12B788-4D32-43CC-BCAA-39FCBD44B826}"
EndProject
Project("{FAE04EC0-301F-11D3-BF4B-00C04F79EFBC}") = "P03", "P03\P03.csproj", "{3D60EF7B-C66A-4B5A-927B-B2E768827FA1}"
EndProject
Global
	GlobalSection(SolutionConfigurationPlatforms) = preSolution
		Debug|Any CPU = Debug|Any CPU
		Release|Any CPU = Release|Any CPU
	EndGlobalSection
	GlobalSection(ProjectConfigurationPlatforms) = postSolution
		{D026A8E4-CF9B-4411-AE73-46CD3A9EF96C}.Debug|Any CPU.ActiveCfg = Debug|Any CPU
		{D026A8E4-CF9B-4411-AE73-46CD3A9EF96C}.Debug|Any CPU.Build.0 = Debug|Any CPU
		{D026A8E4-CF9B-4411-AE73-46CD3A9EF96C}.Release|Any CPU.ActiveCfg = Release|Any CPU
		{D026A8E4-CF9B-4411-AE73-46CD3A9EF96C}.Release|Any CPU.Build.0 = Release|Any CPU
		{BC12B788-4D32-43CC-BCAA-39FCBD44B826}.Debug|Any CPU.ActiveCfg = Debug|Any CPU
		{BC12B788-4D32-43CC-BCAA-39FCBD44B826}.Debug|Any CPU.Build.0 = Debug|Any CPU
		{BC12B788-4D32-43CC-BCAA-39FCBD44B826}.Release|Any CPU.ActiveCfg = Release|Any CPU
		{BC12B788-4D32-43CC-BCAA-39FCBD44B826}.Release|Any CPU.Build.0 = Release|Any CPU
		{3D60EF7B-C66A-4B5A-927B-B2E768827FA1}.Debug|Any CPU.ActiveCfg = Debug|Any CPU
		{3D60EF7B-C66A-4B5A-927B-B2E768827FA1}.Debug|Any CPU.Build.0 = Debug|Any CPU
		{3D60EF7B-C66A-4B5A-927B-B2E768827FA1}.Release|Any CPU.ActiveCfg = Release|Any CPU
		{3D60EF7B-C66A-4B5A-927B-B2E768827FA1}.Release|Any CPU.Build.0 = Release|Any CPU
	EndGlobalSection
	GlobalSection(SolutionProperties) = preSolution
		HideSolutionNode = FALSE
	EndGlobalSection
	GlobalSection(ExtensibilityGlobals) = postSolution
		SolutionGuid = {F2A4F8EB-9DCD-48AD-B2FE-07FD9DB5B97C}
	EndGlobalSection
EndGlobal
