
Microsoft Visual Studio Solution File, Format Version 12.00
# Visual Studio Version 16
VisualStudioVersion = 25.0.1705.7
MinimumVisualStudioVersion = 10.0.40219.1
Project("{FAE04EC0-301F-11D3-BF4B-00C04F79EFBC}") = "P01", "P01\P01.csproj", "{B678FB23-C285-44C2-A39C-8AD5F8D08B46}"
EndProject
Project("{FAE04EC0-301F-11D3-BF4B-00C04F79EFBC}") = "P02", "P02\P02.csproj", "{CD33FF24-1FC4-40B0-BEF3-B68E4C961B4E}"
EndProject
Project("{FAE04EC0-301F-11D3-BF4B-00C04F79EFBC}") = "P03", "P03\P03.csproj", "{01081676-5B54-4CE6-9067-2FF339CF7E13}"
EndProject
Project("{FAE04EC0-301F-11D3-BF4B-00C04F79EFBC}") = "P04", "P04\P04.csproj", "{2CE89CC2-25F3-4278-92E4-A178FD03204C}"
EndProject
Project("{FAE04EC0-301F-11D3-BF4B-00C04F79EFBC}") = "P05", "P05\P05.csproj", "{CA402172-82A5-4244-A6BE-CB2D44DA706B}"
EndProject
Project("{FAE04EC0-301F-11D3-BF4B-00C04F79EFBC}") = "P06", "P06\P06.csproj", "{DEB68FD8-D8F2-47DA-B15F-850A3B4B3EFF}"
EndProject
Project("{FAE04EC0-301F-11D3-BF4B-00C04F79EFBC}") = "P07", "P07\P07.csproj", "{CE23D879-B056-4325-B4C1-3583BD24B1D5}"
EndProject
Project("{FAE04EC0-301F-11D3-BF4B-00C04F79EFBC}") = "P08", "P08\P08.csproj", "{EB171782-3E6A-456F-B6CB-101C7DA3ED87}"
EndProject
Project("{FAE04EC0-301F-11D3-BF4B-00C04F79EFBC}") = "P09", "P09\P09.csproj", "{7D038F2C-E5E3-437B-846F-79750AE3D58F}"
EndProject
Project("{FAE04EC0-301F-11D3-BF4B-00C04F79EFBC}") = "P10", "P10\P10.csproj", "{F4E3E61D-1C23-4A74-A03A-E377FA24BE5A}"
EndProject
Project("{FAE04EC0-301F-11D3-BF4B-00C04F79EFBC}") = "P11", "P11\P11.csproj", "{4D87C0B6-0AFD-4A85-ABD6-F2267DBD61F0}"
EndProject
Project("{FAE04EC0-301F-11D3-BF4B-00C04F79EFBC}") = "P12", "P12\P12.csproj", "{D5952CEB-028C-40F7-B9E3-27B9CEF5A9A1}"
EndProject
Global
	GlobalSection(SolutionConfigurationPlatforms) = preSolution
		Debug|Any CPU = Debug|Any CPU
		Release|Any CPU = Release|Any CPU
	EndGlobalSection
	GlobalSection(ProjectConfigurationPlatforms) = postSolution
		{B678FB23-C285-44C2-A39C-8AD5F8D08B46}.Debug|Any CPU.ActiveCfg = Debug|Any CPU
		{B678FB23-C285-44C2-A39C-8AD5F8D08B46}.Debug|Any CPU.Build.0 = Debug|Any CPU
		{B678FB23-C285-44C2-A39C-8AD5F8D08B46}.Release|Any CPU.ActiveCfg = Release|Any CPU
		{B678FB23-C285-44C2-A39C-8AD5F8D08B46}.Release|Any CPU.Build.0 = Release|Any CPU
		{CD33FF24-1FC4-40B0-BEF3-B68E4C961B4E}.Debug|Any CPU.ActiveCfg = Debug|Any CPU
		{CD33FF24-1FC4-40B0-BEF3-B68E4C961B4E}.Debug|Any CPU.Build.0 = Debug|Any CPU
		{CD33FF24-1FC4-40B0-BEF3-B68E4C961B4E}.Release|Any CPU.ActiveCfg = Release|Any CPU
		{CD33FF24-1FC4-40B0-BEF3-B68E4C961B4E}.Release|Any CPU.Build.0 = Release|Any CPU
		{01081676-5B54-4CE6-9067-2FF339CF7E13}.Debug|Any CPU.ActiveCfg = Debug|Any CPU
		{01081676-5B54-4CE6-9067-2FF339CF7E13}.Debug|Any CPU.Build.0 = Debug|Any CPU
		{01081676-5B54-4CE6-9067-2FF339CF7E13}.Release|Any CPU.ActiveCfg = Release|Any CPU
		{01081676-5B54-4CE6-9067-2FF339CF7E13}.Release|Any CPU.Build.0 = Release|Any CPU
		{2CE89CC2-25F3-4278-92E4-A178FD03204C}.Debug|Any CPU.ActiveCfg = Debug|Any CPU
		{2CE89CC2-25F3-4278-92E4-A178FD03204C}.Debug|Any CPU.Build.0 = Debug|Any CPU
		{2CE89CC2-25F3-4278-92E4-A178FD03204C}.Release|Any CPU.ActiveCfg = Release|Any CPU
		{2CE89CC2-25F3-4278-92E4-A178FD03204C}.Release|Any CPU.Build.0 = Release|Any CPU
		{CA402172-82A5-4244-A6BE-CB2D44DA706B}.Debug|Any CPU.ActiveCfg = Debug|Any CPU
		{CA402172-82A5-4244-A6BE-CB2D44DA706B}.Debug|Any CPU.Build.0 = Debug|Any CPU
		{CA402172-82A5-4244-A6BE-CB2D44DA706B}.Release|Any CPU.ActiveCfg = Release|Any CPU
		{CA402172-82A5-4244-A6BE-CB2D44DA706B}.Release|Any CPU.Build.0 = Release|Any CPU
		{DEB68FD8-D8F2-47DA-B15F-850A3B4B3EFF}.Debug|Any CPU.ActiveCfg = Debug|Any CPU
		{DEB68FD8-D8F2-47DA-B15F-850A3B4B3EFF}.Debug|Any CPU.Build.0 = Debug|Any CPU
		{DEB68FD8-D8F2-47DA-B15F-850A3B4B3EFF}.Release|Any CPU.ActiveCfg = Release|Any CPU
		{DEB68FD8-D8F2-47DA-B15F-850A3B4B3EFF}.Release|Any CPU.Build.0 = Release|Any CPU
		{CE23D879-B056-4325-B4C1-3583BD24B1D5}.Debug|Any CPU.ActiveCfg = Debug|Any CPU
		{CE23D879-B056-4325-B4C1-3583BD24B1D5}.Debug|Any CPU.Build.0 = Debug|Any CPU
		{CE23D879-B056-4325-B4C1-3583BD24B1D5}.Release|Any CPU.ActiveCfg = Release|Any CPU
		{CE23D879-B056-4325-B4C1-3583BD24B1D5}.Release|Any CPU.Build.0 = Release|Any CPU
		{EB171782-3E6A-456F-B6CB-101C7DA3ED87}.Debug|Any CPU.ActiveCfg = Debug|Any CPU
		{EB171782-3E6A-456F-B6CB-101C7DA3ED87}.Debug|Any CPU.Build.0 = Debug|Any CPU
		{EB171782-3E6A-456F-B6CB-101C7DA3ED87}.Release|Any CPU.ActiveCfg = Release|Any CPU
		{EB171782-3E6A-456F-B6CB-101C7DA3ED87}.Release|Any CPU.Build.0 = Release|Any CPU
		{7D038F2C-E5E3-437B-846F-79750AE3D58F}.Debug|Any CPU.ActiveCfg = Debug|Any CPU
		{7D038F2C-E5E3-437B-846F-79750AE3D58F}.Debug|Any CPU.Build.0 = Debug|Any CPU
		{7D038F2C-E5E3-437B-846F-79750AE3D58F}.Release|Any CPU.ActiveCfg = Release|Any CPU
		{7D038F2C-E5E3-437B-846F-79750AE3D58F}.Release|Any CPU.Build.0 = Release|Any CPU
		{F4E3E61D-1C23-4A74-A03A-E377FA24BE5A}.Debug|Any CPU.ActiveCfg = Debug|Any CPU
		{F4E3E61D-1C23-4A74-A03A-E377FA24BE5A}.Debug|Any CPU.Build.0 = Debug|Any CPU
		{F4E3E61D-1C23-4A74-A03A-E377FA24BE5A}.Release|Any CPU.ActiveCfg = Release|Any CPU
		{F4E3E61D-1C23-4A74-A03A-E377FA24BE5A}.Release|Any CPU.Build.0 = Release|Any CPU
		{4D87C0B6-0AFD-4A85-ABD6-F2267DBD61F0}.Debug|Any CPU.ActiveCfg = Debug|Any CPU
		{4D87C0B6-0AFD-4A85-ABD6-F2267DBD61F0}.Debug|Any CPU.Build.0 = Debug|Any CPU
		{4D87C0B6-0AFD-4A85-ABD6-F2267DBD61F0}.Release|Any CPU.ActiveCfg = Release|Any CPU
		{4D87C0B6-0AFD-4A85-ABD6-F2267DBD61F0}.Release|Any CPU.Build.0 = Release|Any CPU
		{D5952CEB-028C-40F7-B9E3-27B9CEF5A9A1}.Debug|Any CPU.ActiveCfg = Debug|Any CPU
		{D5952CEB-028C-40F7-B9E3-27B9CEF5A9A1}.Debug|Any CPU.Build.0 = Debug|Any CPU
		{D5952CEB-028C-40F7-B9E3-27B9CEF5A9A1}.Release|Any CPU.ActiveCfg = Release|Any CPU
		{D5952CEB-028C-40F7-B9E3-27B9CEF5A9A1}.Release|Any CPU.Build.0 = Release|Any CPU
	EndGlobalSection
	GlobalSection(SolutionProperties) = preSolution
		HideSolutionNode = FALSE
	EndGlobalSection
	GlobalSection(ExtensibilityGlobals) = postSolution
		SolutionGuid = {F979B1A9-7D4F-47B7-9878-4FC5074899AB}
	EndGlobalSection
EndGlobal
